
Microsoft Visual Studio Solution File, Format Version 12.00
Project("{FAE04EC0-301F-11D3-BF4B-00C04F79EFBC}") = "TicketCounter", "TicketCounter\TicketCounter.csproj", "{2BDC46C9-3EBD-4FE1-99CE-833E8324079B}"
EndProject
Global
	GlobalSection(SolutionConfigurationPlatforms) = preSolution
		Debug|Any CPU = Debug|Any CPU
		Release|Any CPU = Release|Any CPU
	EndGlobalSection
	GlobalSection(ProjectConfigurationPlatforms) = postSolution
		{2BDC46C9-3EBD-4FE1-99CE-833E8324079B}.Debug|Any CPU.ActiveCfg = Debug|Any CPU
		{2BDC46C9-3EBD-4FE1-99CE-833E8324079B}.Debug|Any CPU.Build.0 = Debug|Any CPU
		{2BDC46C9-3EBD-4FE1-99CE-833E8324079B}.Release|Any CPU.ActiveCfg = Release|Any CPU
		{2BDC46C9-3EBD-4FE1-99CE-833E8324079B}.Release|Any CPU.Build.0 = Release|Any CPU
	EndGlobalSection
EndGlobal
